# This file is automatically @generated by Cargo.
# It is not intended for manual editing.
version = 4

[[package]]
name = "use-conductivity"
version = "0.0.1"

[[package]]
name = "use-density"
version = "0.0.1"

[[package]]
name = "use-elasticity"
version = "0.0.1"

[[package]]
name = "use-hardness"
version = "0.0.1"

[[package]]
name = "use-material-property"
version = "0.0.1"

[[package]]
name = "use-materials"
version = "0.0.1"
dependencies = [
 "use-conductivity",
 "use-density",
 "use-elasticity",
 "use-hardness",
 "use-material-property",
 "use-strain",
 "use-stress",
 "use-thermal-expansion",
]

[[package]]
name = "use-strain"
version = "0.0.1"

[[package]]
name = "use-stress"
version = "0.0.1"

[[package]]
name = "use-thermal-expansion"
version = "0.0.1"
